
Microsoft Visual Studio Solution File, Format Version 12.00
# Visual Studio Version 16
VisualStudioVersion = 16.0.28803.452
MinimumVisualStudioVersion = 10.0.40219.1
Project("{FAE04EC0-301F-11D3-BF4B-00C04F79EFBC}") = "YellowPages", "YellowPages\YellowPages.csproj", "{52BF6AB5-FFC5-432B-93F3-0B716048264F}"
EndProject
Project("{FAE04EC0-301F-11D3-BF4B-00C04F79EFBC}") = "Yelp", "RESTsharp\Yelp.csproj", "{D19925DD-1298-4A02-B0D9-DC6136DCB722}"
EndProject
Global
	GlobalSection(SolutionConfigurationPlatforms) = preSolution
		Debug|Any CPU = Debug|Any CPU
		Release|Any CPU = Release|Any CPU
	EndGlobalSection
	GlobalSection(ProjectConfigurationPlatforms) = postSolution
		{52BF6AB5-FFC5-432B-93F3-0B716048264F}.Debug|Any CPU.ActiveCfg = Debug|Any CPU
		{52BF6AB5-FFC5-432B-93F3-0B716048264F}.Debug|Any CPU.Build.0 = Debug|Any CPU
		{52BF6AB5-FFC5-432B-93F3-0B716048264F}.Release|Any CPU.ActiveCfg = Release|Any CPU
		{52BF6AB5-FFC5-432B-93F3-0B716048264F}.Release|Any CPU.Build.0 = Release|Any CPU
		{D19925DD-1298-4A02-B0D9-DC6136DCB722}.Debug|Any CPU.ActiveCfg = Debug|Any CPU
		{D19925DD-1298-4A02-B0D9-DC6136DCB722}.Debug|Any CPU.Build.0 = Debug|Any CPU
		{D19925DD-1298-4A02-B0D9-DC6136DCB722}.Release|Any CPU.ActiveCfg = Release|Any CPU
		{D19925DD-1298-4A02-B0D9-DC6136DCB722}.Release|Any CPU.Build.0 = Release|Any CPU
	EndGlobalSection
	GlobalSection(SolutionProperties) = preSolution
		HideSolutionNode = FALSE
	EndGlobalSection
	GlobalSection(ExtensibilityGlobals) = postSolution
		SolutionGuid = {191811D2-75C7-4BD1-ABC8-4584690EE461}
	EndGlobalSection
EndGlobal
